
Microsoft Visual Studio Solution File, Format Version 12.00
# Visual Studio Version 16
VisualStudioVersion = 16.0.29728.190
MinimumVisualStudioVersion = 10.0.40219.1
Project("{FAE04EC0-301F-11D3-BF4B-00C04F79EFBC}") = "BSR", "BSR.csproj", "{9849EA32-8A2A-43AD-833F-656B89B9045A}"
EndProject
Global
	GlobalSection(SolutionConfigurationPlatforms) = preSolution
		Debug|Any CPU = Debug|Any CPU
		Release|Any CPU = Release|Any CPU
	EndGlobalSection
	GlobalSection(ProjectConfigurationPlatforms) = postSolution
		{9849EA32-8A2A-43AD-833F-656B89B9045A}.Debug|Any CPU.ActiveCfg = Debug|Any CPU
		{9849EA32-8A2A-43AD-833F-656B89B9045A}.Debug|Any CPU.Build.0 = Debug|Any CPU
		{9849EA32-8A2A-43AD-833F-656B89B9045A}.Release|Any CPU.ActiveCfg = Release|Any CPU
		{9849EA32-8A2A-43AD-833F-656B89B9045A}.Release|Any CPU.Build.0 = Release|Any CPU
	EndGlobalSection
	GlobalSection(SolutionProperties) = preSolution
		HideSolutionNode = FALSE
	EndGlobalSection
	GlobalSection(ExtensibilityGlobals) = postSolution
		SolutionGuid = {40A777EA-DEFF-4C42-A2B8-5F0AF4F56683}
	EndGlobalSection
EndGlobal
